Microsoft Visual Studio Solution File, Format Version 11.00
# Visual Studio 2008

Project("{C00A35DD-BA52-071D-4524-55238B12B616}") = "Valentine", "Assembly-CSharp.csproj", "{B00430F8-5E26-D429-BFB8-275102A420C0}"
EndProject
Global
	GlobalSection(SolutionConfigurationPlatforms) = preSolution
		Debug|Any CPU = Debug|Any CPU
		Release|Any CPU = Release|Any CPU
	EndGlobalSection
	GlobalSection(ProjectConfigurationPlatforms) = postSolution
		{B00430F8-5E26-D429-BFB8-275102A420C0}.Debug|Any CPU.ActiveCfg = Debug|Any CPU
		{B00430F8-5E26-D429-BFB8-275102A420C0}.Debug|Any CPU.Build.0 = Debug|Any CPU
		{B00430F8-5E26-D429-BFB8-275102A420C0}.Release|Any CPU.ActiveCfg = Release|Any CPU
		{B00430F8-5E26-D429-BFB8-275102A420C0}.Release|Any CPU.Build.0 = Release|Any CPU
	EndGlobalSection
	GlobalSection(SolutionProperties) = preSolution
		HideSolutionNode = FALSE
	EndGlobalSection
	GlobalSection(MonoDevelopProperties) = preSolution
		StartupItem = Assembly-CSharp.csproj
	EndGlobalSection
EndGlobal
